Microsoft Visual Studio Solution File, Format Version 12.00
# Visual Studio Version 17
VisualStudioVersion = 17.5.2.0
MinimumVisualStudioVersion = 10.0.40219.1
Project("{FAE04EC0-301F-11D3-BF4B-00C04F79EFBC}") = "tl1-tp6-2025-cesarjosegodoy", "tl1-tp6-2025-cesarjosegodoy.csproj", "{46BA620C-294B-8449-A95E-BC16C63E43DD}"
EndProject
Global
	GlobalSection(SolutionConfigurationPlatforms) = preSolution
		Debug|Any CPU = Debug|Any CPU
		Release|Any CPU = Release|Any CPU
	EndGlobalSection
	GlobalSection(ProjectConfigurationPlatforms) = postSolution
		{46BA620C-294B-8449-A95E-BC16C63E43DD}.Debug|Any CPU.ActiveCfg = Debug|Any CPU
		{46BA620C-294B-8449-A95E-BC16C63E43DD}.Debug|Any CPU.Build.0 = Debug|Any CPU
		{46BA620C-294B-8449-A95E-BC16C63E43DD}.Release|Any CPU.ActiveCfg = Release|Any CPU
		{46BA620C-294B-8449-A95E-BC16C63E43DD}.Release|Any CPU.Build.0 = Release|Any CPU
	EndGlobalSection
	GlobalSection(SolutionProperties) = preSolution
		HideSolutionNode = FALSE
	EndGlobalSection
	GlobalSection(ExtensibilityGlobals) = postSolution
		SolutionGuid = {06AA9C68-C5D5-4DED-8602-5AC3C7B022E2}
	EndGlobalSection
EndGlobal
